{
  "pins" : [
    {
      "identity" : "moviewriter",
      "kind" : "remoteSourceControl",
      "location" : "https://github.com/p-x9/MovieWriter.git",
      "state" : {
        "revision" : "860983e012fcea7eebf3d4dee0d3f8284f380b4b",
        "version" : "0.0.1"
      }
    }
  ],
  "version" : 2
}
