{
  "pins" : [
    {
      "identity" : "moviewriter",
      "kind" : "remoteSourceControl",
      "location" : "https://github.com/p-x9/MovieWriter.git",
      "state" : {
        "revision" : "b2d7ec1862b96ec2fae1cf375fa8e2883c59467f",
        "version" : "0.1.0"
      }
    },
    {
      "identity" : "touchtracker",
      "kind" : "remoteSourceControl",
      "location" : "https://github.com/p-x9/TouchTracker.git",
      "state" : {
        "revision" : "5e0ca1601a6bfaa72393005bb5c5de7b2d3ed8b9",
        "version" : "0.2.1"
      }
    }
  ],
  "version" : 2
}
