{
  "pins" : [
    {
      "identity" : "moviewriter",
      "kind" : "remoteSourceControl",
      "location" : "https://github.com/p-x9/MovieWriter.git",
      "state" : {
        "revision" : "860983e012fcea7eebf3d4dee0d3f8284f380b4b",
        "version" : "0.0.1"
      }
    },
    {
      "identity" : "touchtracker",
      "kind" : "remoteSourceControl",
      "location" : "https://github.com/p-x9/TouchTracker.git",
      "state" : {
        "revision" : "5e0ca1601a6bfaa72393005bb5c5de7b2d3ed8b9",
        "version" : "0.2.1"
      }
    }
  ],
  "version" : 2
}
